
Microsoft Visual Studio Solution File, Format Version 12.00
# Visual Studio Version 17
VisualStudioVersion = 17.8.34330.188
MinimumVisualStudioVersion = 10.0.40219.1
Project("{9A19103F-16F7-4668-BE54-9A1E7A4F7556}") = "Bachelor_Test", "Bachelor_Test\Bachelor_Test.csproj", "{896477EB-BBB8-4529-9FA5-960BCC7CBB9C}"
EndProject
Project("{54435603-DBB4-11D2-8724-00A0C9A8B90C}") = "WartsilaSimulator", "WartsilaSimulator\WartsilaSimulator.vdproj", "{59BE46CD-DB73-4489-8614-052567B12694}"
EndProject
Global
	GlobalSection(SolutionConfigurationPlatforms) = preSolution
		Debug|Any CPU = Debug|Any CPU
		Release|Any CPU = Release|Any CPU
	EndGlobalSection
	GlobalSection(ProjectConfigurationPlatforms) = postSolution
		{896477EB-BBB8-4529-9FA5-960BCC7CBB9C}.Debug|Any CPU.ActiveCfg = Release|Any CPU
		{896477EB-BBB8-4529-9FA5-960BCC7CBB9C}.Debug|Any CPU.Build.0 = Release|Any CPU
		{896477EB-BBB8-4529-9FA5-960BCC7CBB9C}.Release|Any CPU.ActiveCfg = Release|Any CPU
		{896477EB-BBB8-4529-9FA5-960BCC7CBB9C}.Release|Any CPU.Build.0 = Release|Any CPU
		{59BE46CD-DB73-4489-8614-052567B12694}.Debug|Any CPU.ActiveCfg = Release
		{59BE46CD-DB73-4489-8614-052567B12694}.Release|Any CPU.ActiveCfg = Release
	EndGlobalSection
	GlobalSection(SolutionProperties) = preSolution
		HideSolutionNode = FALSE
	EndGlobalSection
	GlobalSection(ExtensibilityGlobals) = postSolution
		SolutionGuid = {5967AC0E-AD11-4473-9F83-17F30E6B9454}
	EndGlobalSection
EndGlobal
